// !$*UTF8*$!
{
	archiveVersion = 1;
	classes = {
	};
	objectVersion = 50;
	objects = {

/* Begin PBXBuildFile section */
		013AEE4C237F4E37002E8BA5 /* TrelloNetworking.swift in Sources */ = {isa = PBXBuildFile; fileRef = 013AEE4B237F4E37002E8BA5 /* TrelloNetworking.swift */; };
		013B362E2381A4A7007F0CEA /* Extensions.swift in Sources */ = {isa = PBXBuildFile; fileRef = 013B362D2381A4A7007F0CEA /* Extensions.swift */; };
		013B36302381BDF0007F0CEA /* NoteInfoViewController.swift in Sources */ = {isa = PBXBuildFile; fileRef = 013B362F2381BDF0007F0CEA /* NoteInfoViewController.swift */; };
		0145120E23958AE3007CDE25 /* NotesDataModelTests.swift in Sources */ = {isa = PBXBuildFile; fileRef = 0145120D23958AE3007CDE25 /* NotesDataModelTests.swift */; };
		01451210239590F8007CDE25 /* NotesViewControllerTests.swift in Sources */ = {isa = PBXBuildFile; fileRef = 0145120F239590F8007CDE25 /* NotesViewControllerTests.swift */; };
		0145121223959550007CDE25 /* SignInViewControllerTests.swift in Sources */ = {isa = PBXBuildFile; fileRef = 0145121123959550007CDE25 /* SignInViewControllerTests.swift */; };
		014512142395964D007CDE25 /* CollectionViewDataModelTests.swift in Sources */ = {isa = PBXBuildFile; fileRef = 014512132395964D007CDE25 /* CollectionViewDataModelTests.swift */; };
		01451216239596E4007CDE25 /* TasksColumnCellTests.swift in Sources */ = {isa = PBXBuildFile; fileRef = 01451215239596E4007CDE25 /* TasksColumnCellTests.swift */; };
		014512182395A31C007CDE25 /* URLRequestExtesnsionTests.swift in Sources */ = {isa = PBXBuildFile; fileRef = 014512172395A31C007CDE25 /* URLRequestExtesnsionTests.swift */; };
		0145121A2395AD40007CDE25 /* DoubleExtensionTests.swift in Sources */ = {isa = PBXBuildFile; fileRef = 014512192395AD40007CDE25 /* DoubleExtensionTests.swift */; };
		0145121C2395ADF5007CDE25 /* NoteCellTests.swift in Sources */ = {isa = PBXBuildFile; fileRef = 0145121B2395ADF5007CDE25 /* NoteCellTests.swift */; };
		01453B53237C8A59007C9FFC /* ImagePicker.swift in Sources */ = {isa = PBXBuildFile; fileRef = 01453B52237C8A59007C9FFC /* ImagePicker.swift */; };
		01633D96237B566C00FEC3C3 /* CreateNewColumnCell.swift in Sources */ = {isa = PBXBuildFile; fileRef = 01633D93237B566C00FEC3C3 /* CreateNewColumnCell.swift */; };
		01633D97237B566C00FEC3C3 /* TasksTableViewCell.swift in Sources */ = {isa = PBXBuildFile; fileRef = 01633D94237B566C00FEC3C3 /* TasksTableViewCell.swift */; };
		01633D98237B566C00FEC3C3 /* TasksColumnCell.swift in Sources */ = {isa = PBXBuildFile; fileRef = 01633D95237B566C00FEC3C3 /* TasksColumnCell.swift */; };
		01633D9D237B56A300FEC3C3 /* CollectionViewDataModel.swift in Sources */ = {isa = PBXBuildFile; fileRef = 01633D9C237B56A300FEC3C3 /* CollectionViewDataModel.swift */; };
		01633DA1237B56F000FEC3C3 /* SelfSizedTableView.swift in Sources */ = {isa = PBXBuildFile; fileRef = 01633D9F237B56F000FEC3C3 /* SelfSizedTableView.swift */; };
		01633DA2237B56F000FEC3C3 /* SelfSizedUILabel.swift in Sources */ = {isa = PBXBuildFile; fileRef = 01633DA0237B56F000FEC3C3 /* SelfSizedUILabel.swift */; };
		01633DA4237B5C8100FEC3C3 /* NotesDataModel.swift in Sources */ = {isa = PBXBuildFile; fileRef = 01633DA3237B5C8100FEC3C3 /* NotesDataModel.swift */; };
		01633DA6237B5F3400FEC3C3 /* NoteCell.swift in Sources */ = {isa = PBXBuildFile; fileRef = 01633DA5237B5F3400FEC3C3 /* NoteCell.swift */; };
		019E85F9239007F900BEF412 /* CollectionViewDataModel.swift in Sources */ = {isa = PBXBuildFile; fileRef = 01633D9C237B56A300FEC3C3 /* CollectionViewDataModel.swift */; };
		01DDE58B2396981B00B3CF8A /* NotesDataModel.swift in Sources */ = {isa = PBXBuildFile; fileRef = 01633DA3237B5C8100FEC3C3 /* NotesDataModel.swift */; };
		01DDE58D2396983800B3CF8A /* NotesViewController.swift in Sources */ = {isa = PBXBuildFile; fileRef = 950DBDA623760A8300E6B6EF /* NotesViewController.swift */; };
		01DDE58E2396984300B3CF8A /* LoginViewController.swift in Sources */ = {isa = PBXBuildFile; fileRef = 950DBD982374B19D00E6B6EF /* LoginViewController.swift */; };
		01DDE5912396985C00B3CF8A /* Extensions.swift in Sources */ = {isa = PBXBuildFile; fileRef = 013B362D2381A4A7007F0CEA /* Extensions.swift */; };
		01DDE5932396988800B3CF8A /* SignInViewController.swift in Sources */ = {isa = PBXBuildFile; fileRef = 950DBD9C2374CF9900E6B6EF /* SignInViewController.swift */; };
		01DDE5942396988800B3CF8A /* SignUpViewController.swift in Sources */ = {isa = PBXBuildFile; fileRef = 950DBD9E2374CFAF00E6B6EF /* SignUpViewController.swift */; };
		01DDE5952396988800B3CF8A /* MainViewController.swift in Sources */ = {isa = PBXBuildFile; fileRef = 950DBD9A2374B1AD00E6B6EF /* MainViewController.swift */; };
		01DDE5962396988800B3CF8A /* NoteInfoViewController.swift in Sources */ = {isa = PBXBuildFile; fileRef = 013B362F2381BDF0007F0CEA /* NoteInfoViewController.swift */; };
		01DDE5972396988800B3CF8A /* SettingsViewController.swift in Sources */ = {isa = PBXBuildFile; fileRef = 950DBDA02374E2A300E6B6EF /* SettingsViewController.swift */; };
		01DDE5982396989300B3CF8A /* ImagePicker.swift in Sources */ = {isa = PBXBuildFile; fileRef = 01453B52237C8A59007C9FFC /* ImagePicker.swift */; };
		01DDE59A2396989300B3CF8A /* SplashViewController.swift in Sources */ = {isa = PBXBuildFile; fileRef = 950DBD962374B18A00E6B6EF /* SplashViewController.swift */; };
		01DDE59D2396989C00B3CF8A /* SelfSizedTableView.swift in Sources */ = {isa = PBXBuildFile; fileRef = 01633D9F237B56F000FEC3C3 /* SelfSizedTableView.swift */; };
		01DDE59E2396989C00B3CF8A /* SelfSizedUILabel.swift in Sources */ = {isa = PBXBuildFile; fileRef = 01633DA0237B56F000FEC3C3 /* SelfSizedUILabel.swift */; };
		01DDE59F2396989C00B3CF8A /* CreateNewColumnCell.swift in Sources */ = {isa = PBXBuildFile; fileRef = 01633D93237B566C00FEC3C3 /* CreateNewColumnCell.swift */; };
		01DDE5A02396989C00B3CF8A /* TasksTableViewCell.swift in Sources */ = {isa = PBXBuildFile; fileRef = 01633D94237B566C00FEC3C3 /* TasksTableViewCell.swift */; };
		01DDE5A12396989C00B3CF8A /* TasksColumnCell.swift in Sources */ = {isa = PBXBuildFile; fileRef = 01633D95237B566C00FEC3C3 /* TasksColumnCell.swift */; };
		01DDE5A22396989C00B3CF8A /* NoteCell.swift in Sources */ = {isa = PBXBuildFile; fileRef = 01633DA5237B5F3400FEC3C3 /* NoteCell.swift */; };
		01DDE5A3239698A700B3CF8A /* AppDelegate.swift in Sources */ = {isa = PBXBuildFile; fileRef = 950DBD842374B03D00E6B6EF /* AppDelegate.swift */; };
		01DDE5A4239698E100B3CF8A /* TrelloNetworking.swift in Sources */ = {isa = PBXBuildFile; fileRef = 013AEE4B237F4E37002E8BA5 /* TrelloNetworking.swift */; };
		01DDE5A523969B7300B3CF8A /* RootViewController.swift in Sources */ = {isa = PBXBuildFile; fileRef = 950DBD862374B03D00E6B6EF /* RootViewController.swift */; };
		01DDE5A72396B30A00B3CF8A /* TrelloNetworkingTests.swift in Sources */ = {isa = PBXBuildFile; fileRef = 01DDE5A62396B30A00B3CF8A /* TrelloNetworkingTests.swift */; };
		01DDE5A92396B66700B3CF8A /* ImagePickerTests.swift in Sources */ = {isa = PBXBuildFile; fileRef = 01DDE5A82396B66700B3CF8A /* ImagePickerTests.swift */; };
		01DDE5AA2397950C00B3CF8A /* Assets.xcassets in Resources */ = {isa = PBXBuildFile; fileRef = 950DBD8B2374B04200E6B6EF /* Assets.xcassets */; };
		950DBD852374B03D00E6B6EF /* AppDelegate.swift in Sources */ = {isa = PBXBuildFile; fileRef = 950DBD842374B03D00E6B6EF /* AppDelegate.swift */; };
		950DBD872374B03D00E6B6EF /* RootViewController.swift in Sources */ = {isa = PBXBuildFile; fileRef = 950DBD862374B03D00E6B6EF /* RootViewController.swift */; };
		950DBD8C2374B04200E6B6EF /* Assets.xcassets in Resources */ = {isa = PBXBuildFile; fileRef = 950DBD8B2374B04200E6B6EF /* Assets.xcassets */; };
		950DBD8F2374B04200E6B6EF /* LaunchScreen.storyboard in Resources */ = {isa = PBXBuildFile; fileRef = 950DBD8D2374B04200E6B6EF /* LaunchScreen.storyboard */; };
		950DBD972374B18A00E6B6EF /* SplashViewController.swift in Sources */ = {isa = PBXBuildFile; fileRef = 950DBD962374B18A00E6B6EF /* SplashViewController.swift */; };
		950DBD992374B19D00E6B6EF /* LoginViewController.swift in Sources */ = {isa = PBXBuildFile; fileRef = 950DBD982374B19D00E6B6EF /* LoginViewController.swift */; };
		950DBD9B2374B1AD00E6B6EF /* MainViewController.swift in Sources */ = {isa = PBXBuildFile; fileRef = 950DBD9A2374B1AD00E6B6EF /* MainViewController.swift */; };
		950DBD9D2374CF9900E6B6EF /* SignInViewController.swift in Sources */ = {isa = PBXBuildFile; fileRef = 950DBD9C2374CF9900E6B6EF /* SignInViewController.swift */; };
		950DBD9F2374CFAF00E6B6EF /* SignUpViewController.swift in Sources */ = {isa = PBXBuildFile; fileRef = 950DBD9E2374CFAF00E6B6EF /* SignUpViewController.swift */; };
		950DBDA12374E2A300E6B6EF /* SettingsViewController.swift in Sources */ = {isa = PBXBuildFile; fileRef = 950DBDA02374E2A300E6B6EF /* SettingsViewController.swift */; };
		950DBDA723760A8300E6B6EF /* NotesViewController.swift in Sources */ = {isa = PBXBuildFile; fileRef = 950DBDA623760A8300E6B6EF /* NotesViewController.swift */; };
/* End PBXBuildFile section */

/* Begin PBXContainerItemProxy section */
		019E85F3238FF26300BEF412 /* PBXContainerItemProxy */ = {
			isa = PBXContainerItemProxy;
			containerPortal = 950DBD792374B03D00E6B6EF /* Project object */;
			proxyType = 1;
			remoteGlobalIDString = 950DBD802374B03D00E6B6EF;
			remoteInfo = UiApp;
		};
/* End PBXContainerItemProxy section */

/* Begin PBXFileReference section */
		013AEE4B237F4E37002E8BA5 /* TrelloNetworking.swift */ = {isa = PBXFileReference; lastKnownFileType = sourcecode.swift; path = TrelloNetworking.swift; sourceTree = "<group>"; };
		013B362D2381A4A7007F0CEA /* Extensions.swift */ = {isa = PBXFileReference; lastKnownFileType = sourcecode.swift; path = Extensions.swift; sourceTree = "<group>"; };
		013B362F2381BDF0007F0CEA /* NoteInfoViewController.swift */ = {isa = PBXFileReference; lastKnownFileType = sourcecode.swift; path = NoteInfoViewController.swift; sourceTree = "<group>"; };
		0145120D23958AE3007CDE25 /* NotesDataModelTests.swift */ = {isa = PBXFileReference; lastKnownFileType = sourcecode.swift; path = NotesDataModelTests.swift; sourceTree = "<group>"; };
		0145120F239590F8007CDE25 /* NotesViewControllerTests.swift */ = {isa = PBXFileReference; lastKnownFileType = sourcecode.swift; path = NotesViewControllerTests.swift; sourceTree = "<group>"; };
		0145121123959550007CDE25 /* SignInViewControllerTests.swift */ = {isa = PBXFileReference; lastKnownFileType = sourcecode.swift; path = SignInViewControllerTests.swift; sourceTree = "<group>"; };
		014512132395964D007CDE25 /* CollectionViewDataModelTests.swift */ = {isa = PBXFileReference; lastKnownFileType = sourcecode.swift; path = CollectionViewDataModelTests.swift; sourceTree = "<group>"; };
		01451215239596E4007CDE25 /* TasksColumnCellTests.swift */ = {isa = PBXFileReference; lastKnownFileType = sourcecode.swift; path = TasksColumnCellTests.swift; sourceTree = "<group>"; };
		014512172395A31C007CDE25 /* URLRequestExtesnsionTests.swift */ = {isa = PBXFileReference; lastKnownFileType = sourcecode.swift; path = URLRequestExtesnsionTests.swift; sourceTree = "<group>"; };
		014512192395AD40007CDE25 /* DoubleExtensionTests.swift */ = {isa = PBXFileReference; lastKnownFileType = sourcecode.swift; path = DoubleExtensionTests.swift; sourceTree = "<group>"; };
		0145121B2395ADF5007CDE25 /* NoteCellTests.swift */ = {isa = PBXFileReference; lastKnownFileType = sourcecode.swift; path = NoteCellTests.swift; sourceTree = "<group>"; };
		01453B52237C8A59007C9FFC /* ImagePicker.swift */ = {isa = PBXFileReference; lastKnownFileType = sourcecode.swift; path = ImagePicker.swift; sourceTree = "<group>"; };
		01633D93237B566C00FEC3C3 /* CreateNewColumnCell.swift */ = {isa = PBXFileReference; fileEncoding = 4; lastKnownFileType = sourcecode.swift; path = CreateNewColumnCell.swift; sourceTree = "<group>"; };
		01633D94237B566C00FEC3C3 /* TasksTableViewCell.swift */ = {isa = PBXFileReference; fileEncoding = 4; lastKnownFileType = sourcecode.swift; path = TasksTableViewCell.swift; sourceTree = "<group>"; };
		01633D95237B566C00FEC3C3 /* TasksColumnCell.swift */ = {isa = PBXFileReference; fileEncoding = 4; lastKnownFileType = sourcecode.swift; path = TasksColumnCell.swift; sourceTree = "<group>"; };
		01633D9C237B56A300FEC3C3 /* CollectionViewDataModel.swift */ = {isa = PBXFileReference; fileEncoding = 4; lastKnownFileType = sourcecode.swift; path = CollectionViewDataModel.swift; sourceTree = "<group>"; };
		01633D9F237B56F000FEC3C3 /* SelfSizedTableView.swift */ = {isa = PBXFileReference; fileEncoding = 4; lastKnownFileType = sourcecode.swift; path = SelfSizedTableView.swift; sourceTree = "<group>"; };
		01633DA0237B56F000FEC3C3 /* SelfSizedUILabel.swift */ = {isa = PBXFileReference; fileEncoding = 4; lastKnownFileType = sourcecode.swift; path = SelfSizedUILabel.swift; sourceTree = "<group>"; };
		01633DA3237B5C8100FEC3C3 /* NotesDataModel.swift */ = {isa = PBXFileReference; lastKnownFileType = sourcecode.swift; path = NotesDataModel.swift; sourceTree = "<group>"; };
		01633DA5237B5F3400FEC3C3 /* NoteCell.swift */ = {isa = PBXFileReference; lastKnownFileType = sourcecode.swift; path = NoteCell.swift; sourceTree = "<group>"; };
		019E85EE238FF26300BEF412 /* UiAppTests.xctest */ = {isa = PBXFileReference; explicitFileType = wrapper.cfbundle; includeInIndex = 0; path = UiAppTests.xctest; sourceTree = BUILT_PRODUCTS_DIR; };
		019E85F2238FF26300BEF412 /* Info.plist */ = {isa = PBXFileReference; lastKnownFileType = text.plist.xml; path = Info.plist; sourceTree = "<group>"; };
		01DDE5A62396B30A00B3CF8A /* TrelloNetworkingTests.swift */ = {isa = PBXFileReference; lastKnownFileType = sourcecode.swift; path = TrelloNetworkingTests.swift; sourceTree = "<group>"; };
		01DDE5A82396B66700B3CF8A /* ImagePickerTests.swift */ = {isa = PBXFileReference; lastKnownFileType = sourcecode.swift; path = ImagePickerTests.swift; sourceTree = "<group>"; };
		950DBD812374B03D00E6B6EF /* UiApp.app */ = {isa = PBXFileReference; explicitFileType = wrapper.application; includeInIndex = 0; path = UiApp.app; sourceTree = BUILT_PRODUCTS_DIR; };
		950DBD842374B03D00E6B6EF /* AppDelegate.swift */ = {isa = PBXFileReference; lastKnownFileType = sourcecode.swift; path = AppDelegate.swift; sourceTree = "<group>"; };
		950DBD862374B03D00E6B6EF /* RootViewController.swift */ = {isa = PBXFileReference; lastKnownFileType = sourcecode.swift; path = RootViewController.swift; sourceTree = "<group>"; };
		950DBD8B2374B04200E6B6EF /* Assets.xcassets */ = {isa = PBXFileReference; lastKnownFileType = folder.assetcatalog; path = Assets.xcassets; sourceTree = "<group>"; };
		950DBD8E2374B04200E6B6EF /* Base */ = {isa = PBXFileReference; lastKnownFileType = file.storyboard; name = Base; path = Base.lproj/LaunchScreen.storyboard; sourceTree = "<group>"; };
		950DBD902374B04200E6B6EF /* Info.plist */ = {isa = PBXFileReference; lastKnownFileType = text.plist.xml; path = Info.plist; sourceTree = "<group>"; };
		950DBD962374B18A00E6B6EF /* SplashViewController.swift */ = {isa = PBXFileReference; lastKnownFileType = sourcecode.swift; path = SplashViewController.swift; sourceTree = "<group>"; };
		950DBD982374B19D00E6B6EF /* LoginViewController.swift */ = {isa = PBXFileReference; lastKnownFileType = sourcecode.swift; path = LoginViewController.swift; sourceTree = "<group>"; };
		950DBD9A2374B1AD00E6B6EF /* MainViewController.swift */ = {isa = PBXFileReference; lastKnownFileType = sourcecode.swift; path = MainViewController.swift; sourceTree = "<group>"; };
		950DBD9C2374CF9900E6B6EF /* SignInViewController.swift */ = {isa = PBXFileReference; lastKnownFileType = sourcecode.swift; path = SignInViewController.swift; sourceTree = "<group>"; };
		950DBD9E2374CFAF00E6B6EF /* SignUpViewController.swift */ = {isa = PBXFileReference; lastKnownFileType = sourcecode.swift; path = SignUpViewController.swift; sourceTree = "<group>"; };
		950DBDA02374E2A300E6B6EF /* SettingsViewController.swift */ = {isa = PBXFileReference; lastKnownFileType = sourcecode.swift; path = SettingsViewController.swift; sourceTree = "<group>"; };
		950DBDA623760A8300E6B6EF /* NotesViewController.swift */ = {isa = PBXFileReference; lastKnownFileType = sourcecode.swift; path = NotesViewController.swift; sourceTree = "<group>"; };
/* End PBXFileReference section */

/* Begin PBXFrameworksBuildPhase section */
		019E85EB238FF26300BEF412 /* Frameworks */ = {
			isa = PBXFrameworksBuildPhase;
			buildActionMask = 2147483647;
			files = (
			);
			runOnlyForDeploymentPostprocessing = 0;
		};
		950DBD7E2374B03D00E6B6EF /* Frameworks */ = {
			isa = PBXFrameworksBuildPhase;
			buildActionMask = 2147483647;
			files = (
			);
			runOnlyForDeploymentPostprocessing = 0;
		};
/* End PBXFrameworksBuildPhase section */

/* Begin PBXGroup section */
		013AEE4A237F4DEE002E8BA5 /* Network */ = {
			isa = PBXGroup;
			children = (
				013AEE4B237F4E37002E8BA5 /* TrelloNetworking.swift */,
			);
			path = Network;
			sourceTree = "<group>";
		};
		01633D92237B566C00FEC3C3 /* View */ = {
			isa = PBXGroup;
			children = (
				01633D9E237B56F000FEC3C3 /* CustomViewClasses */,
				01633D93237B566C00FEC3C3 /* CreateNewColumnCell.swift */,
				01633D94237B566C00FEC3C3 /* TasksTableViewCell.swift */,
				01633D95237B566C00FEC3C3 /* TasksColumnCell.swift */,
				01633DA5237B5F3400FEC3C3 /* NoteCell.swift */,
			);
			path = View;
			sourceTree = "<group>";
		};
		01633D9B237B56A300FEC3C3 /* Model */ = {
			isa = PBXGroup;
			children = (
				01633D9C237B56A300FEC3C3 /* CollectionViewDataModel.swift */,
				01633DA3237B5C8100FEC3C3 /* NotesDataModel.swift */,
			);
			path = Model;
			sourceTree = "<group>";
		};
		01633D9E237B56F000FEC3C3 /* CustomViewClasses */ = {
			isa = PBXGroup;
			children = (
				01633D9F237B56F000FEC3C3 /* SelfSizedTableView.swift */,
				01633DA0237B56F000FEC3C3 /* SelfSizedUILabel.swift */,
			);
			name = CustomViewClasses;
			path = UiApp/CustomViewClasses;
			sourceTree = SOURCE_ROOT;
		};
		019262EA2377570200E16509 /* ViewControllers */ = {
			isa = PBXGroup;
			children = (
				01453B52237C8A59007C9FFC /* ImagePicker.swift */,
				950DBD862374B03D00E6B6EF /* RootViewController.swift */,
				950DBD962374B18A00E6B6EF /* SplashViewController.swift */,
				950DBD982374B19D00E6B6EF /* LoginViewController.swift */,
				950DBD9C2374CF9900E6B6EF /* SignInViewController.swift */,
				950DBD9E2374CFAF00E6B6EF /* SignUpViewController.swift */,
				950DBD9A2374B1AD00E6B6EF /* MainViewController.swift */,
				950DBDA623760A8300E6B6EF /* NotesViewController.swift */,
				013B362F2381BDF0007F0CEA /* NoteInfoViewController.swift */,
				950DBDA02374E2A300E6B6EF /* SettingsViewController.swift */,
			);
			path = ViewControllers;
			sourceTree = "<group>";
		};
		019E85EF238FF26300BEF412 /* UiAppTests */ = {
			isa = PBXGroup;
			children = (
				0145120D23958AE3007CDE25 /* NotesDataModelTests.swift */,
				014512132395964D007CDE25 /* CollectionViewDataModelTests.swift */,
				0145120F239590F8007CDE25 /* NotesViewControllerTests.swift */,
				0145121123959550007CDE25 /* SignInViewControllerTests.swift */,
				01451215239596E4007CDE25 /* TasksColumnCellTests.swift */,
				014512172395A31C007CDE25 /* URLRequestExtesnsionTests.swift */,
				014512192395AD40007CDE25 /* DoubleExtensionTests.swift */,
				0145121B2395ADF5007CDE25 /* NoteCellTests.swift */,
				01DDE5A62396B30A00B3CF8A /* TrelloNetworkingTests.swift */,
				01DDE5A82396B66700B3CF8A /* ImagePickerTests.swift */,
				019E85F2238FF26300BEF412 /* Info.plist */,
			);
			path = UiAppTests;
			sourceTree = "<group>";
		};
		950DBD782374B03D00E6B6EF = {
			isa = PBXGroup;
			children = (
				950DBD832374B03D00E6B6EF /* UiApp */,
				019E85EF238FF26300BEF412 /* UiAppTests */,
				950DBD822374B03D00E6B6EF /* Products */,
			);
			sourceTree = "<group>";
		};
		950DBD822374B03D00E6B6EF /* Products */ = {
			isa = PBXGroup;
			children = (
				950DBD812374B03D00E6B6EF /* UiApp.app */,
				019E85EE238FF26300BEF412 /* UiAppTests.xctest */,
			);
			name = Products;
			sourceTree = "<group>";
		};
		950DBD832374B03D00E6B6EF /* UiApp */ = {
			isa = PBXGroup;
			children = (
				950DBD842374B03D00E6B6EF /* AppDelegate.swift */,
				01633D92237B566C00FEC3C3 /* View */,
				01633D9B237B56A300FEC3C3 /* Model */,
				019262EA2377570200E16509 /* ViewControllers */,
				013B362D2381A4A7007F0CEA /* Extensions.swift */,
				013AEE4A237F4DEE002E8BA5 /* Network */,
				950DBD8B2374B04200E6B6EF /* Assets.xcassets */,
				950DBD8D2374B04200E6B6EF /* LaunchScreen.storyboard */,
				950DBD902374B04200E6B6EF /* Info.plist */,
			);
			path = UiApp;
			sourceTree = "<group>";
		};
/* End PBXGroup section */

/* Begin PBXNativeTarget section */
		019E85ED238FF26300BEF412 /* UiAppTests */ = {
			isa = PBXNativeTarget;
			buildConfigurationList = 019E85F7238FF26300BEF412 /* Build configuration list for PBXNativeTarget "UiAppTests" */;
			buildPhases = (
				019E85EA238FF26300BEF412 /* Sources */,
				019E85EB238FF26300BEF412 /* Frameworks */,
				019E85EC238FF26300BEF412 /* Resources */,
			);
			buildRules = (
			);
			dependencies = (
				019E85F4238FF26300BEF412 /* PBXTargetDependency */,
			);
			name = UiAppTests;
			productName = UiAppTests;
			productReference = 019E85EE238FF26300BEF412 /* UiAppTests.xctest */;
			productType = "com.apple.product-type.bundle.unit-test";
		};
		950DBD802374B03D00E6B6EF /* UiApp */ = {
			isa = PBXNativeTarget;
			buildConfigurationList = 950DBD932374B04200E6B6EF /* Build configuration list for PBXNativeTarget "UiApp" */;
			buildPhases = (
				950DBD7D2374B03D00E6B6EF /* Sources */,
				950DBD7E2374B03D00E6B6EF /* Frameworks */,
				950DBD7F2374B03D00E6B6EF /* Resources */,
			);
			buildRules = (
			);
			dependencies = (
			);
			name = UiApp;
			productName = UiApp;
			productReference = 950DBD812374B03D00E6B6EF /* UiApp.app */;
			productType = "com.apple.product-type.application";
		};
/* End PBXNativeTarget section */

/* Begin PBXProject section */
		950DBD792374B03D00E6B6EF /* Project object */ = {
			isa = PBXProject;
			attributes = {
				LastSwiftUpdateCheck = 1120;
				LastUpgradeCheck = 1030;
				ORGANIZATIONNAME = "Artem Esolnyak";
				TargetAttributes = {
					019E85ED238FF26300BEF412 = {
						CreatedOnToolsVersion = 11.2.1;
					};
					950DBD802374B03D00E6B6EF = {
						CreatedOnToolsVersion = 10.3;
					};
				};
			};
			buildConfigurationList = 950DBD7C2374B03D00E6B6EF /* Build configuration list for PBXProject "UiApp" */;
			compatibilityVersion = "Xcode 9.3";
			developmentRegion = en;
			hasScannedForEncodings = 0;
			knownRegions = (
				en,
				Base,
			);
			mainGroup = 950DBD782374B03D00E6B6EF;
			productRefGroup = 950DBD822374B03D00E6B6EF /* Products */;
			projectDirPath = "";
			projectRoot = "";
			targets = (
				950DBD802374B03D00E6B6EF /* UiApp */,
				019E85ED238FF26300BEF412 /* UiAppTests */,
			);
		};
/* End PBXProject section */

/* Begin PBXResourcesBuildPhase section */
		019E85EC238FF26300BEF412 /* Resources */ = {
			isa = PBXResourcesBuildPhase;
			buildActionMask = 2147483647;
			files = (
				01DDE5AA2397950C00B3CF8A /* Assets.xcassets in Resources */,
			);
			runOnlyForDeploymentPostprocessing = 0;
		};
		950DBD7F2374B03D00E6B6EF /* Resources */ = {
			isa = PBXResourcesBuildPhase;
			buildActionMask = 2147483647;
			files = (
				950DBD8F2374B04200E6B6EF /* LaunchScreen.storyboard in Resources */,
				950DBD8C2374B04200E6B6EF /* Assets.xcassets in Resources */,
			);
			runOnlyForDeploymentPostprocessing = 0;
		};
/* End PBXResourcesBuildPhase section */

/* Begin PBXSourcesBuildPhase section */
		019E85EA238FF26300BEF412 /* Sources */ = {
			isa = PBXSourcesBuildPhase;
			buildActionMask = 2147483647;
			files = (
				01DDE5952396988800B3CF8A /* MainViewController.swift in Sources */,
				01DDE58E2396984300B3CF8A /* LoginViewController.swift in Sources */,
				01DDE5A02396989C00B3CF8A /* TasksTableViewCell.swift in Sources */,
				014512182395A31C007CDE25 /* URLRequestExtesnsionTests.swift in Sources */,
				01DDE5A3239698A700B3CF8A /* AppDelegate.swift in Sources */,
				01DDE5A92396B66700B3CF8A /* ImagePickerTests.swift in Sources */,
				01DDE5962396988800B3CF8A /* NoteInfoViewController.swift in Sources */,
				0145121223959550007CDE25 /* SignInViewControllerTests.swift in Sources */,
				01451216239596E4007CDE25 /* TasksColumnCellTests.swift in Sources */,
				0145121C2395ADF5007CDE25 /* NoteCellTests.swift in Sources */,
				01DDE59D2396989C00B3CF8A /* SelfSizedTableView.swift in Sources */,
				01451210239590F8007CDE25 /* NotesViewControllerTests.swift in Sources */,
				01DDE5A72396B30A00B3CF8A /* TrelloNetworkingTests.swift in Sources */,
				01DDE5932396988800B3CF8A /* SignInViewController.swift in Sources */,
				01DDE5A12396989C00B3CF8A /* TasksColumnCell.swift in Sources */,
				019E85F9239007F900BEF412 /* CollectionViewDataModel.swift in Sources */,
				01DDE58D2396983800B3CF8A /* NotesViewController.swift in Sources */,
				01DDE59F2396989C00B3CF8A /* CreateNewColumnCell.swift in Sources */,
				01DDE5972396988800B3CF8A /* SettingsViewController.swift in Sources */,
				0145121A2395AD40007CDE25 /* DoubleExtensionTests.swift in Sources */,
				01DDE5A22396989C00B3CF8A /* NoteCell.swift in Sources */,
				01DDE5A523969B7300B3CF8A /* RootViewController.swift in Sources */,
				01DDE59E2396989C00B3CF8A /* SelfSizedUILabel.swift in Sources */,
				01DDE5942396988800B3CF8A /* SignUpViewController.swift in Sources */,
				01DDE5A4239698E100B3CF8A /* TrelloNetworking.swift in Sources */,
				01DDE59A2396989300B3CF8A /* SplashViewController.swift in Sources */,
				014512142395964D007CDE25 /* CollectionViewDataModelTests.swift in Sources */,
				01DDE5912396985C00B3CF8A /* Extensions.swift in Sources */,
				01DDE5982396989300B3CF8A /* ImagePicker.swift in Sources */,
				01DDE58B2396981B00B3CF8A /* NotesDataModel.swift in Sources */,
				0145120E23958AE3007CDE25 /* NotesDataModelTests.swift in Sources */,
			);
			runOnlyForDeploymentPostprocessing = 0;
		};
		950DBD7D2374B03D00E6B6EF /* Sources */ = {
			isa = PBXSourcesBuildPhase;
			buildActionMask = 2147483647;
			files = (
				013B36302381BDF0007F0CEA /* NoteInfoViewController.swift in Sources */,
				01453B53237C8A59007C9FFC /* ImagePicker.swift in Sources */,
				950DBD992374B19D00E6B6EF /* LoginViewController.swift in Sources */,
				950DBD972374B18A00E6B6EF /* SplashViewController.swift in Sources */,
				01633D9D237B56A300FEC3C3 /* CollectionViewDataModel.swift in Sources */,
				01633D97237B566C00FEC3C3 /* TasksTableViewCell.swift in Sources */,
				950DBD9F2374CFAF00E6B6EF /* SignUpViewController.swift in Sources */,
				950DBD872374B03D00E6B6EF /* RootViewController.swift in Sources */,
				013B362E2381A4A7007F0CEA /* Extensions.swift in Sources */,
				013AEE4C237F4E37002E8BA5 /* TrelloNetworking.swift in Sources */,
				950DBD9D2374CF9900E6B6EF /* SignInViewController.swift in Sources */,
				950DBD852374B03D00E6B6EF /* AppDelegate.swift in Sources */,
				01633D96237B566C00FEC3C3 /* CreateNewColumnCell.swift in Sources */,
				950DBD9B2374B1AD00E6B6EF /* MainViewController.swift in Sources */,
				950DBDA723760A8300E6B6EF /* NotesViewController.swift in Sources */,
				01633D98237B566C00FEC3C3 /* TasksColumnCell.swift in Sources */,
				950DBDA12374E2A300E6B6EF /* SettingsViewController.swift in Sources */,
				01633DA6237B5F3400FEC3C3 /* NoteCell.swift in Sources */,
				01633DA2237B56F000FEC3C3 /* SelfSizedUILabel.swift in Sources */,
				01633DA1237B56F000FEC3C3 /* SelfSizedTableView.swift in Sources */,
				01633DA4237B5C8100FEC3C3 /* NotesDataModel.swift in Sources */,
			);
			runOnlyForDeploymentPostprocessing = 0;
		};
/* End PBXSourcesBuildPhase section */

/* Begin PBXTargetDependency section */
		019E85F4238FF26300BEF412 /* PBXTargetDependency */ = {
			isa = PBXTargetDependency;
			target = 950DBD802374B03D00E6B6EF /* UiApp */;
			targetProxy = 019E85F3238FF26300BEF412 /* PBXContainerItemProxy */;
		};
/* End PBXTargetDependency section */

/* Begin PBXVariantGroup section */
		950DBD8D2374B04200E6B6EF /* LaunchScreen.storyboard */ = {
			isa = PBXVariantGroup;
			children = (
				950DBD8E2374B04200E6B6EF /* Base */,
			);
			name = LaunchScreen.storyboard;
			sourceTree = "<group>";
		};
/* End PBXVariantGroup section */

/* Begin XCBuildConfiguration section */
		019E85F5238FF26300BEF412 /* Debug */ = {
			isa = XCBuildConfiguration;
			buildSettings = {
				CODE_SIGN_STYLE = Automatic;
				DEVELOPMENT_TEAM = 99D42X5Q4Q;
				INFOPLIST_FILE = UiAppTests/Info.plist;
				IPHONEOS_DEPLOYMENT_TARGET = 13.2;
				LD_RUNPATH_SEARCH_PATHS = (
					"$(inherited)",
					"@executable_path/Frameworks",
					"@loader_path/Frameworks",
				);
				PRODUCT_BUNDLE_IDENTIFIER = nnick.UiAppTests;
				PRODUCT_NAME = "$(TARGET_NAME)";
				SWIFT_VERSION = 5.0;
				TARGETED_DEVICE_FAMILY = "1,2";
			};
			name = Debug;
		};
		019E85F6238FF26300BEF412 /* Release */ = {
			isa = XCBuildConfiguration;
			buildSettings = {
				CODE_SIGN_STYLE = Automatic;
				DEVELOPMENT_TEAM = 99D42X5Q4Q;
				INFOPLIST_FILE = UiAppTests/Info.plist;
				IPHONEOS_DEPLOYMENT_TARGET = 13.2;
				LD_RUNPATH_SEARCH_PATHS = (
					"$(inherited)",
					"@executable_path/Frameworks",
					"@loader_path/Frameworks",
				);
				PRODUCT_BUNDLE_IDENTIFIER = nnick.UiAppTests;
				PRODUCT_NAME = "$(TARGET_NAME)";
				SWIFT_VERSION = 5.0;
				TARGETED_DEVICE_FAMILY = "1,2";
			};
			name = Release;
		};
		950DBD912374B04200E6B6EF /* Debug */ = {
			isa = XCBuildConfiguration;
			buildSettings = {
				ALWAYS_SEARCH_USER_PATHS = NO;
				CLANG_ANALYZER_NONNULL = YES;
				CLANG_ANALYZER_NUMBER_OBJECT_CONVERSION = YES_AGGRESSIVE;
				CLANG_CXX_LANGUAGE_STANDARD = "gnu++14";
				CLANG_CXX_LIBRARY = "libc++";
				CLANG_ENABLE_MODULES = YES;
				CLANG_ENABLE_OBJC_ARC = YES;
				CLANG_ENABLE_OBJC_WEAK = YES;
				CLANG_WARN_BLOCK_CAPTURE_AUTORELEASING = YES;
				CLANG_WARN_BOOL_CONVERSION = YES;
				CLANG_WARN_COMMA = YES;
				CLANG_WARN_CONSTANT_CONVERSION = YES;
				CLANG_WARN_DEPRECATED_OBJC_IMPLEMENTATIONS = YES;
				CLANG_WARN_DIRECT_OBJC_ISA_USAGE = YES_ERROR;
				CLANG_WARN_DOCUMENTATION_COMMENTS = YES;
				CLANG_WARN_EMPTY_BODY = YES;
				CLANG_WARN_ENUM_CONVERSION = YES;
				CLANG_WARN_INFINITE_RECURSION = YES;
				CLANG_WARN_INT_CONVERSION = YES;
				CLANG_WARN_NON_LITERAL_NULL_CONVERSION = YES;
				CLANG_WARN_OBJC_IMPLICIT_RETAIN_SELF = YES;
				CLANG_WARN_OBJC_LITERAL_CONVERSION = YES;
				CLANG_WARN_OBJC_ROOT_CLASS = YES_ERROR;
				CLANG_WARN_RANGE_LOOP_ANALYSIS = YES;
				CLANG_WARN_STRICT_PROTOTYPES = YES;
				CLANG_WARN_SUSPICIOUS_MOVE = YES;
				CLANG_WARN_UNGUARDED_AVAILABILITY = YES_AGGRESSIVE;
				CLANG_WARN_UNREACHABLE_CODE = YES;
				CLANG_WARN__DUPLICATE_METHOD_MATCH = YES;
				CODE_SIGN_IDENTITY = "iPhone Developer";
				COPY_PHASE_STRIP = NO;
				DEBUG_INFORMATION_FORMAT = dwarf;
				ENABLE_STRICT_OBJC_MSGSEND = YES;
				ENABLE_TESTABILITY = YES;
				GCC_C_LANGUAGE_STANDARD = gnu11;
				GCC_DYNAMIC_NO_PIC = NO;
				GCC_NO_COMMON_BLOCKS = YES;
				GCC_OPTIMIZATION_LEVEL = 0;
				GCC_PREPROCESSOR_DEFINITIONS = (
					"DEBUG=1",
					"$(inherited)",
				);
				GCC_WARN_64_TO_32_BIT_CONVERSION = YES;
				GCC_WARN_ABOUT_RETURN_TYPE = YES_ERROR;
				GCC_WARN_UNDECLARED_SELECTOR = YES;
				GCC_WARN_UNINITIALIZED_AUTOS = YES_AGGRESSIVE;
				GCC_WARN_UNUSED_FUNCTION = YES;
				GCC_WARN_UNUSED_VARIABLE = YES;
				IPHONEOS_DEPLOYMENT_TARGET = 12.4;
				MTL_ENABLE_DEBUG_INFO = INCLUDE_SOURCE;
				MTL_FAST_MATH = YES;
				ONLY_ACTIVE_ARCH = YES;
				SDKROOT = iphoneos;
				SWIFT_ACTIVE_COMPILATION_CONDITIONS = DEBUG;
				SWIFT_OPTIMIZATION_LEVEL = "-Onone";
			};
			name = Debug;
		};
		950DBD922374B04200E6B6EF /* Release */ = {
			isa = XCBuildConfiguration;
			buildSettings = {
				ALWAYS_SEARCH_USER_PATHS = NO;
				CLANG_ANALYZER_NONNULL = YES;
				CLANG_ANALYZER_NUMBER_OBJECT_CONVERSION = YES_AGGRESSIVE;
				CLANG_CXX_LANGUAGE_STANDARD = "gnu++14";
				CLANG_CXX_LIBRARY = "libc++";
				CLANG_ENABLE_MODULES = YES;
				CLANG_ENABLE_OBJC_ARC = YES;
				CLANG_ENABLE_OBJC_WEAK = YES;
				CLANG_WARN_BLOCK_CAPTURE_AUTORELEASING = YES;
				CLANG_WARN_BOOL_CONVERSION = YES;
				CLANG_WARN_COMMA = YES;
				CLANG_WARN_CONSTANT_CONVERSION = YES;
				CLANG_WARN_DEPRECATED_OBJC_IMPLEMENTATIONS = YES;
				CLANG_WARN_DIRECT_OBJC_ISA_USAGE = YES_ERROR;
				CLANG_WARN_DOCUMENTATION_COMMENTS = YES;
				CLANG_WARN_EMPTY_BODY = YES;
				CLANG_WARN_ENUM_CONVERSION = YES;
				CLANG_WARN_INFINITE_RECURSION = YES;
				CLANG_WARN_INT_CONVERSION = YES;
				CLANG_WARN_NON_LITERAL_NULL_CONVERSION = YES;
				CLANG_WARN_OBJC_IMPLICIT_RETAIN_SELF = YES;
				CLANG_WARN_OBJC_LITERAL_CONVERSION = YES;
				CLANG_WARN_OBJC_ROOT_CLASS = YES_ERROR;
				CLANG_WARN_RANGE_LOOP_ANALYSIS = YES;
				CLANG_WARN_STRICT_PROTOTYPES = YES;
				CLANG_WARN_SUSPICIOUS_MOVE = YES;
				CLANG_WARN_UNGUARDED_AVAILABILITY = YES_AGGRESSIVE;
				CLANG_WARN_UNREACHABLE_CODE = YES;
				CLANG_WARN__DUPLICATE_METHOD_MATCH = YES;
				CODE_SIGN_IDENTITY = "iPhone Developer";
				COPY_PHASE_STRIP = NO;
				DEBUG_INFORMATION_FORMAT = "dwarf-with-dsym";
				ENABLE_NS_ASSERTIONS = NO;
				ENABLE_STRICT_OBJC_MSGSEND = YES;
				GCC_C_LANGUAGE_STANDARD = gnu11;
				GCC_NO_COMMON_BLOCKS = YES;
				GCC_WARN_64_TO_32_BIT_CONVERSION = YES;
				GCC_WARN_ABOUT_RETURN_TYPE = YES_ERROR;
				GCC_WARN_UNDECLARED_SELECTOR = YES;
				GCC_WARN_UNINITIALIZED_AUTOS = YES_AGGRESSIVE;
				GCC_WARN_UNUSED_FUNCTION = YES;
				GCC_WARN_UNUSED_VARIABLE = YES;
				IPHONEOS_DEPLOYMENT_TARGET = 12.4;
				MTL_ENABLE_DEBUG_INFO = NO;
				MTL_FAST_MATH = YES;
				SDKROOT = iphoneos;
				SWIFT_COMPILATION_MODE = wholemodule;
				SWIFT_OPTIMIZATION_LEVEL = "-O";
				VALIDATE_PRODUCT = YES;
			};
			name = Release;
		};
		950DBD942374B04200E6B6EF /* Debug */ = {
			isa = XCBuildConfiguration;
			buildSettings = {
				ASSETCATALOG_COMPILER_APPICON_NAME = AppIcon;
				CODE_SIGN_STYLE = Manual;
				DEVELOPMENT_TEAM = "";
				INFOPLIST_FILE = UiApp/Info.plist;
				LD_RUNPATH_SEARCH_PATHS = (
					"$(inherited)",
					"@executable_path/Frameworks",
				);
				PRODUCT_BUNDLE_IDENTIFIER = com.sberbank.UiApp;
				PRODUCT_NAME = "$(TARGET_NAME)";
				PROVISIONING_PROFILE_SPECIFIER = "";
				SWIFT_VERSION = 5.0;
				TARGETED_DEVICE_FAMILY = 1;
			};
			name = Debug;
		};
		950DBD952374B04200E6B6EF /* Release */ = {
			isa = XCBuildConfiguration;
			buildSettings = {
				ASSETCATALOG_COMPILER_APPICON_NAME = AppIcon;
				CODE_SIGN_STYLE = Manual;
				DEVELOPMENT_TEAM = "";
				INFOPLIST_FILE = UiApp/Info.plist;
				LD_RUNPATH_SEARCH_PATHS = (
					"$(inherited)",
					"@executable_path/Frameworks",
				);
				PRODUCT_BUNDLE_IDENTIFIER = com.sberbank.UiApp;
				PRODUCT_NAME = "$(TARGET_NAME)";
				PROVISIONING_PROFILE_SPECIFIER = "";
				SWIFT_VERSION = 5.0;
				TARGETED_DEVICE_FAMILY = 1;
			};
			name = Release;
		};
/* End XCBuildConfiguration section */

/* Begin XCConfigurationList section */
		019E85F7238FF26300BEF412 /* Build configuration list for PBXNativeTarget "UiAppTests" */ = {
			isa = XCConfigurationList;
			buildConfigurations = (
				019E85F5238FF26300BEF412 /* Debug */,
				019E85F6238FF26300BEF412 /* Release */,
			);
			defaultConfigurationIsVisible = 0;
			defaultConfigurationName = Release;
		};
		950DBD7C2374B03D00E6B6EF /* Build configuration list for PBXProject "UiApp" */ = {
			isa = XCConfigurationList;
			buildConfigurations = (
				950DBD912374B04200E6B6EF /* Debug */,
				950DBD922374B04200E6B6EF /* Release */,
			);
			defaultConfigurationIsVisible = 0;
			defaultConfigurationName = Release;
		};
		950DBD932374B04200E6B6EF /* Build configuration list for PBXNativeTarget "UiApp" */ = {
			isa = XCConfigurationList;
			buildConfigurations = (
				950DBD942374B04200E6B6EF /* Debug */,
				950DBD952374B04200E6B6EF /* Release */,
			);
			defaultConfigurationIsVisible = 0;
			defaultConfigurationName = Release;
		};
/* End XCConfigurationList section */
	};
	rootObject = 950DBD792374B03D00E6B6EF /* Project object */;
}
